PODS:
  - DoraemonKit (1.0.2):
    - DoraemonKit/Core (= 1.0.2)
    - PNChart
  - DoraemonKit/Core (1.0.2):
    - PNChart
  - KSCrash (1.15.18):
    - KSCrash/Installations (= 1.15.18)
  - KSCrash/Installations (1.15.18):
    - KSCrash/Recording
    - KSCrash/Reporting
  - KSCrash/Recording (1.15.18):
    - KSCrash/Recording/Tools (= 1.15.18)
  - KSCrash/Recording/Tools (1.15.18)
  - KSCrash/Reporting (1.15.18):
    - KSCrash/Recording
    - KSCrash/Reporting/Filters (= 1.15.18)
    - KSCrash/Reporting/MessageUI (= 1.15.18)
    - KSCrash/Reporting/Sinks (= 1.15.18)
    - KSCrash/Reporting/Tools (= 1.15.18)
  - KSCrash/Reporting/Filters (1.15.18):
    - KSCrash/Recording
    - KSCrash/Reporting/Filters/Alert (= 1.15.18)
    - KSCrash/Reporting/Filters/AppleFmt (= 1.15.18)
    - KSCrash/Reporting/Filters/Base (= 1.15.18)
    - KSCrash/Reporting/Filters/Basic (= 1.15.18)
    - KSCrash/Reporting/Filters/GZip (= 1.15.18)
    - KSCrash/Reporting/Filters/JSON (= 1.15.18)
    - KSCrash/Reporting/Filters/Sets (= 1.15.18)
    - KSCrash/Reporting/Filters/Stringify (= 1.15.18)
    - KSCrash/Reporting/Filters/Tools (= 1.15.18)
  - KSCrash/Reporting/Filters/Alert (1.15.18):
    - KSCrash/Recording
    - KSCrash/Reporting/Filters/Base
  - KSCrash/Reporting/Filters/AppleFmt (1.15.18):
    - KSCrash/Recording
    - KSCrash/Reporting/Filters/Base
  - KSCrash/Reporting/Filters/Base (1.15.18):
    - KSCrash/Recording
  - KSCrash/Reporting/Filters/Basic (1.15.18):
    - KSCrash/Recording
    - KSCrash/Reporting/Filters/Base
  - KSCrash/Reporting/Filters/GZip (1.15.18):
    - KSCrash/Recording
    - KSCrash/Reporting/Filters/Base
  - KSCrash/Reporting/Filters/JSON (1.15.18):
    - KSCrash/Recording
    - KSCrash/Reporting/Filters/Base
  - KSCrash/Reporting/Filters/Sets (1.15.18):
    - KSCrash/Recording
    - KSCrash/Reporting/Filters/AppleFmt
    - KSCrash/Reporting/Filters/Base
    - KSCrash/Reporting/Filters/Basic
    - KSCrash/Reporting/Filters/GZip
    - KSCrash/Reporting/Filters/JSON
    - KSCrash/Reporting/Filters/Stringify
  - KSCrash/Reporting/Filters/Stringify (1.15.18):
    - KSCrash/Recording
    - KSCrash/Reporting/Filters/Base
  - KSCrash/Reporting/Filters/Tools (1.15.18):
    - KSCrash/Recording
  - KSCrash/Reporting/MessageUI (1.15.18):
    - KSCrash/Recording
  - KSCrash/Reporting/Sinks (1.15.18):
    - KSCrash/Recording
    - KSCrash/Reporting/Filters
    - KSCrash/Reporting/Tools
  - KSCrash/Reporting/Tools (1.15.18):
    - KSCrash/Recording
  - PNChart (0.8.9):
    - UICountingLabel (~> 1.2.0)
  - UICountingLabel (1.2.0)

DEPENDENCIES:
  - DoraemonKit
  - KSCrash

SPEC REPOS:
  https://github.com/cocoapods/specs.git:
    - DoraemonKit
    - KSCrash
    - PNChart
    - UICountingLabel

SPEC CHECKSUMS:
  DoraemonKit: 0cbfddb896a2925b471d1538f1033e4cfad39db1
  KSCrash: 5394936f41e5c1ef7b79cf79b30d53299b0c160e
  PNChart: 84774d225c2126ded6c93d4dbe6ae98c3a73c2d2
  UICountingLabel: 1db4e7d023e1762171eb226d6dff47a7a84f27aa

PODFILE CHECKSUM: 2550ab9d74f2f924bba0d420c5f001904342801d

COCOAPODS: 1.5.3
